// !$*UTF8*$!
{
	archiveVersion = 1;
	classes = {
	};
	objectVersion = 46;
	objects = {

/* Begin PBXBuildFile section */
		4D248F0D1A751C3700E44E6B /* AppDelegate.swift in Sources */ = {isa = PBXBuildFile; fileRef = 4D248F0C1A751C3700E44E6B /* AppDelegate.swift */; };
		4D248F0F1A751C3700E44E6B /* ViewController.swift in Sources */ = {isa = PBXBuildFile; fileRef = 4D248F0E1A751C3700E44E6B /* ViewController.swift */; };
		4D248F121A751C3700E44E6B /* Main.storyboard in Resources */ = {isa = PBXBuildFile; fileRef = 4D248F101A751C3700E44E6B /* Main.storyboard */; };
		4D248F141A751C3700E44E6B /* Images.xcassets in Resources */ = {isa = PBXBuildFile; fileRef = 4D248F131A751C3700E44E6B /* Images.xcassets */; };
		4D248F171A751C3700E44E6B /* LaunchScreen.xib in Resources */ = {isa = PBXBuildFile; fileRef = 4D248F151A751C3700E44E6B /* LaunchScreen.xib */; };
		4D248F361A751C7800E44E6B /* QRCode.h in Headers */ = {isa = PBXBuildFile; fileRef = 4D248F351A751C7800E44E6B /* QRCode.h */; settings = {ATTRIBUTES = (Public, ); }; };
		4D248F3C1A751C7800E44E6B /* QRCode.framework in Frameworks */ = {isa = PBXBuildFile; fileRef = 4D248F311A751C7800E44E6B /* QRCode.framework */; };
		4D248F451A751C7800E44E6B /* QRCodeTests.swift in Sources */ = {isa = PBXBuildFile; fileRef = 4D248F441A751C7800E44E6B /* QRCodeTests.swift */; };
		4D248F481A751C7800E44E6B /* QRCode.framework in Frameworks */ = {isa = PBXBuildFile; fileRef = 4D248F311A751C7800E44E6B /* QRCode.framework */; };
		4D248F491A751C7800E44E6B /* QRCode.framework in Embed Frameworks */ = {isa = PBXBuildFile; fileRef = 4D248F311A751C7800E44E6B /* QRCode.framework */; settings = {ATTRIBUTES = (CodeSignOnCopy, RemoveHeadersOnCopy, ); }; };
		4D248F521A751CE300E44E6B /* QRCode.swift in Sources */ = {isa = PBXBuildFile; fileRef = 4D248F511A751CE300E44E6B /* QRCode.swift */; };
		4D9240641A78050C0069D66D /* UIImageViewExtension.swift in Sources */ = {isa = PBXBuildFile; fileRef = 4D9240631A78050C0069D66D /* UIImageViewExtension.swift */; };
		4D9240661A7805310069D66D /* CIColorExtension.swift in Sources */ = {isa = PBXBuildFile; fileRef = 4D9240651A7805310069D66D /* CIColorExtension.swift */; };
		AA24AF3E1C247A7C00D1BEC7 /* CIImageExtension.swift in Sources */ = {isa = PBXBuildFile; fileRef = AA24AF3D1C247A7C00D1BEC7 /* CIImageExtension.swift */; };
/* End PBXBuildFile section */

/* Begin PBXContainerItemProxy section */
		4D248F3D1A751C7800E44E6B /* PBXContainerItemProxy */ = {
			isa = PBXContainerItemProxy;
			containerPortal = 4D248EFF1A751C3700E44E6B /* Project object */;
			proxyType = 1;
			remoteGlobalIDString = 4D248F301A751C7800E44E6B;
			remoteInfo = QRCode;
		};
		4D248F3F1A751C7800E44E6B /* PBXContainerItemProxy */ = {
			isa = PBXContainerItemProxy;
			containerPortal = 4D248EFF1A751C3700E44E6B /* Project object */;
			proxyType = 1;
			remoteGlobalIDString = 4D248F061A751C3700E44E6B;
			remoteInfo = Example;
		};
		4D248F461A751C7800E44E6B /* PBXContainerItemProxy */ = {
			isa = PBXContainerItemProxy;
			containerPortal = 4D248EFF1A751C3700E44E6B /* Project object */;
			proxyType = 1;
			remoteGlobalIDString = 4D248F301A751C7800E44E6B;
			remoteInfo = QRCode;
		};
/* End PBXContainerItemProxy section */

/* Begin PBXCopyFilesBuildPhase section */
		4D248F4D1A751C7800E44E6B /* Embed Frameworks */ = {
			isa = PBXCopyFilesBuildPhase;
			buildActionMask = 2147483647;
			dstPath = "";
			dstSubfolderSpec = 10;
			files = (
				4D248F491A751C7800E44E6B /* QRCode.framework in Embed Frameworks */,
			);
			name = "Embed Frameworks";
			runOnlyForDeploymentPostprocessing = 0;
		};
/* End PBXCopyFilesBuildPhase section */

/* Begin PBXFileReference section */
		4D248F071A751C3700E44E6B /* Example.app */ = {isa = PBXFileReference; explicitFileType = wrapper.application; includeInIndex = 0; path = Example.app; sourceTree = BUILT_PRODUCTS_DIR; };
		4D248F0B1A751C3700E44E6B /* Info.plist */ = {isa = PBXFileReference; lastKnownFileType = text.plist.xml; path = Info.plist; sourceTree = "<group>"; };
		4D248F0C1A751C3700E44E6B /* AppDelegate.swift */ = {isa = PBXFileReference; lastKnownFileType = sourcecode.swift; path = AppDelegate.swift; sourceTree = "<group>"; };
		4D248F0E1A751C3700E44E6B /* ViewController.swift */ = {isa = PBXFileReference; lastKnownFileType = sourcecode.swift; path = ViewController.swift; sourceTree = "<group>"; };
		4D248F111A751C3700E44E6B /* Base */ = {isa = PBXFileReference; lastKnownFileType = file.storyboard; name = Base; path = Base.lproj/Main.storyboard; sourceTree = "<group>"; };
		4D248F131A751C3700E44E6B /* Images.xcassets */ = {isa = PBXFileReference; lastKnownFileType = folder.assetcatalog; path = Images.xcassets; sourceTree = "<group>"; };
		4D248F161A751C3700E44E6B /* Base */ = {isa = PBXFileReference; lastKnownFileType = file.xib; name = Base; path = Base.lproj/LaunchScreen.xib; sourceTree = "<group>"; };
		4D248F311A751C7800E44E6B /* QRCode.framework */ = {isa = PBXFileReference; explicitFileType = wrapper.framework; includeInIndex = 0; path = QRCode.framework; sourceTree = BUILT_PRODUCTS_DIR; };
		4D248F341A751C7800E44E6B /* Info.plist */ = {isa = PBXFileReference; lastKnownFileType = text.plist.xml; path = Info.plist; sourceTree = "<group>"; };
		4D248F351A751C7800E44E6B /* QRCode.h */ = {isa = PBXFileReference; lastKnownFileType = sourcecode.c.h; path = QRCode.h; sourceTree = "<group>"; };
		4D248F3B1A751C7800E44E6B /* QRCodeTests.xctest */ = {isa = PBXFileReference; explicitFileType = wrapper.cfbundle; includeInIndex = 0; path = QRCodeTests.xctest; sourceTree = BUILT_PRODUCTS_DIR; };
		4D248F431A751C7800E44E6B /* Info.plist */ = {isa = PBXFileReference; lastKnownFileType = text.plist.xml; path = Info.plist; sourceTree = "<group>"; };
		4D248F441A751C7800E44E6B /* QRCodeTests.swift */ = {isa = PBXFileReference; lastKnownFileType = sourcecode.swift; path = QRCodeTests.swift; sourceTree = "<group>"; };
		4D248F511A751CE300E44E6B /* QRCode.swift */ = {isa = PBXFileReference; fileEncoding = 4; lastKnownFileType = sourcecode.swift; path = QRCode.swift; sourceTree = "<group>"; };
		4D9240631A78050C0069D66D /* UIImageViewExtension.swift */ = {isa = PBXFileReference; fileEncoding = 4; lastKnownFileType = sourcecode.swift; path = UIImageViewExtension.swift; sourceTree = "<group>"; };
		4D9240651A7805310069D66D /* CIColorExtension.swift */ = {isa = PBXFileReference; fileEncoding = 4; lastKnownFileType = sourcecode.swift; path = CIColorExtension.swift; sourceTree = "<group>"; };
		AA24AF3D1C247A7C00D1BEC7 /* CIImageExtension.swift */ = {isa = PBXFileReference; fileEncoding = 4; lastKnownFileType = sourcecode.swift; path = CIImageExtension.swift; sourceTree = "<group>"; };
/* End PBXFileReference section */

/* Begin PBXFrameworksBuildPhase section */
		4D248F041A751C3700E44E6B /* Frameworks */ = {
			isa = PBXFrameworksBuildPhase;
			buildActionMask = 2147483647;
			files = (
				4D248F481A751C7800E44E6B /* QRCode.framework in Frameworks */,
			);
			runOnlyForDeploymentPostprocessing = 0;
		};
		4D248F2D1A751C7800E44E6B /* Frameworks */ = {
			isa = PBXFrameworksBuildPhase;
			buildActionMask = 2147483647;
			files = (
			);
			runOnlyForDeploymentPostprocessing = 0;
		};
		4D248F381A751C7800E44E6B /* Frameworks */ = {
			isa = PBXFrameworksBuildPhase;
			buildActionMask = 2147483647;
			files = (
				4D248F3C1A751C7800E44E6B /* QRCode.framework in Frameworks */,
			);
			runOnlyForDeploymentPostprocessing = 0;
		};
/* End PBXFrameworksBuildPhase section */

/* Begin PBXGroup section */
		4D248EFE1A751C3700E44E6B = {
			isa = PBXGroup;
			children = (
				4D248F091A751C3700E44E6B /* Example */,
				4D248F321A751C7800E44E6B /* QRCode */,
				4D248F411A751C7800E44E6B /* QRCodeTests */,
				4D248F081A751C3700E44E6B /* Products */,
			);
			sourceTree = "<group>";
		};
		4D248F081A751C3700E44E6B /* Products */ = {
			isa = PBXGroup;
			children = (
				4D248F071A751C3700E44E6B /* Example.app */,
				4D248F311A751C7800E44E6B /* QRCode.framework */,
				4D248F3B1A751C7800E44E6B /* QRCodeTests.xctest */,
			);
			name = Products;
			sourceTree = "<group>";
		};
		4D248F091A751C3700E44E6B /* Example */ = {
			isa = PBXGroup;
			children = (
				4D248F0C1A751C3700E44E6B /* AppDelegate.swift */,
				4D248F0E1A751C3700E44E6B /* ViewController.swift */,
				4D248F101A751C3700E44E6B /* Main.storyboard */,
				4D248F131A751C3700E44E6B /* Images.xcassets */,
				4D248F151A751C3700E44E6B /* LaunchScreen.xib */,
				4D248F0A1A751C3700E44E6B /* Supporting Files */,
			);
			path = Example;
			sourceTree = "<group>";
		};
		4D248F0A1A751C3700E44E6B /* Supporting Files */ = {
			isa = PBXGroup;
			children = (
				4D248F0B1A751C3700E44E6B /* Info.plist */,
			);
			name = "Supporting Files";
			sourceTree = "<group>";
		};
		4D248F321A751C7800E44E6B /* QRCode */ = {
			isa = PBXGroup;
			children = (
				4D248F511A751CE300E44E6B /* QRCode.swift */,
				4D9240631A78050C0069D66D /* UIImageViewExtension.swift */,
				4D9240651A7805310069D66D /* CIColorExtension.swift */,
				AA24AF3D1C247A7C00D1BEC7 /* CIImageExtension.swift */,
				4D248F351A751C7800E44E6B /* QRCode.h */,
				4D248F331A751C7800E44E6B /* Supporting Files */,
			);
			path = QRCode;
			sourceTree = "<group>";
		};
		4D248F331A751C7800E44E6B /* Supporting Files */ = {
			isa = PBXGroup;
			children = (
				4D248F341A751C7800E44E6B /* Info.plist */,
			);
			name = "Supporting Files";
			sourceTree = "<group>";
		};
		4D248F411A751C7800E44E6B /* QRCodeTests */ = {
			isa = PBXGroup;
			children = (
				4D248F441A751C7800E44E6B /* QRCodeTests.swift */,
				4D248F421A751C7800E44E6B /* Supporting Files */,
			);
			path = QRCodeTests;
			sourceTree = "<group>";
		};
		4D248F421A751C7800E44E6B /* Supporting Files */ = {
			isa = PBXGroup;
			children = (
				4D248F431A751C7800E44E6B /* Info.plist */,
			);
			name = "Supporting Files";
			sourceTree = "<group>";
		};
/* End PBXGroup section */

/* Begin PBXHeadersBuildPhase section */
		4D248F2E1A751C7800E44E6B /* Headers */ = {
			isa = PBXHeadersBuildPhase;
			buildActionMask = 2147483647;
			files = (
				4D248F361A751C7800E44E6B /* QRCode.h in Headers */,
			);
			runOnlyForDeploymentPostprocessing = 0;
		};
/* End PBXHeadersBuildPhase section */

/* Begin PBXNativeTarget section */
		4D248F061A751C3700E44E6B /* Example */ = {
			isa = PBXNativeTarget;
			buildConfigurationList = 4D248F261A751C3700E44E6B /* Build configuration list for PBXNativeTarget "Example" */;
			buildPhases = (
				4D248F031A751C3700E44E6B /* Sources */,
				4D248F041A751C3700E44E6B /* Frameworks */,
				4D248F051A751C3700E44E6B /* Resources */,
				4D248F4D1A751C7800E44E6B /* Embed Frameworks */,
			);
			buildRules = (
			);
			dependencies = (
				4D248F471A751C7800E44E6B /* PBXTargetDependency */,
			);
			name = Example;
			productName = Example;
			productReference = 4D248F071A751C3700E44E6B /* Example.app */;
			productType = "com.apple.product-type.application";
		};
		4D248F301A751C7800E44E6B /* QRCode */ = {
			isa = PBXNativeTarget;
			buildConfigurationList = 4D248F4A1A751C7800E44E6B /* Build configuration list for PBXNativeTarget "QRCode" */;
			buildPhases = (
				4D248F2C1A751C7800E44E6B /* Sources */,
				4D248F2D1A751C7800E44E6B /* Frameworks */,
				4D248F2E1A751C7800E44E6B /* Headers */,
				4D248F2F1A751C7800E44E6B /* Resources */,
			);
			buildRules = (
			);
			dependencies = (
			);
			name = QRCode;
			productName = QRCode;
			productReference = 4D248F311A751C7800E44E6B /* QRCode.framework */;
			productType = "com.apple.product-type.framework";
		};
		4D248F3A1A751C7800E44E6B /* QRCodeTests */ = {
			isa = PBXNativeTarget;
			buildConfigurationList = 4D248F4E1A751C7800E44E6B /* Build configuration list for PBXNativeTarget "QRCodeTests" */;
			buildPhases = (
				4D248F371A751C7800E44E6B /* Sources */,
				4D248F381A751C7800E44E6B /* Frameworks */,
				4D248F391A751C7800E44E6B /* Resources */,
			);
			buildRules = (
			);
			dependencies = (
				4D248F3E1A751C7800E44E6B /* PBXTargetDependency */,
				4D248F401A751C7800E44E6B /* PBXTargetDependency */,
			);
			name = QRCodeTests;
			productName = QRCodeTests;
			productReference = 4D248F3B1A751C7800E44E6B /* QRCodeTests.xctest */;
			productType = "com.apple.product-type.bundle.unit-test";
		};
/* End PBXNativeTarget section */

/* Begin PBXProject section */
		4D248EFF1A751C3700E44E6B /* Project object */ = {
			isa = PBXProject;
			attributes = {
				LastSwiftMigration = 0700;
				LastSwiftUpdateCheck = 0700;
				LastUpgradeCheck = 0800;
				ORGANIZATIONNAME = "Alexander Schuch";
				TargetAttributes = {
					4D248F061A751C3700E44E6B = {
						CreatedOnToolsVersion = 6.2;
						LastSwiftMigration = 0800;
					};
					4D248F301A751C7800E44E6B = {
						CreatedOnToolsVersion = 6.2;
						LastSwiftMigration = 0800;
					};
					4D248F3A1A751C7800E44E6B = {
						CreatedOnToolsVersion = 6.2;
						LastSwiftMigration = 0800;
						TestTargetID = 4D248F061A751C3700E44E6B;
					};
				};
			};
			buildConfigurationList = 4D248F021A751C3700E44E6B /* Build configuration list for PBXProject "Example" */;
			compatibilityVersion = "Xcode 3.2";
			developmentRegion = English;
			hasScannedForEncodings = 0;
			knownRegions = (
				en,
				Base,
			);
			mainGroup = 4D248EFE1A751C3700E44E6B;
			productRefGroup = 4D248F081A751C3700E44E6B /* Products */;
			projectDirPath = "";
			projectRoot = "";
			targets = (
				4D248F061A751C3700E44E6B /* Example */,
				4D248F301A751C7800E44E6B /* QRCode */,
				4D248F3A1A751C7800E44E6B /* QRCodeTests */,
			);
		};
/* End PBXProject section */

/* Begin PBXResourcesBuildPhase section */
		4D248F051A751C3700E44E6B /* Resources */ = {
			isa = PBXResourcesBuildPhase;
			buildActionMask = 2147483647;
			files = (
				4D248F121A751C3700E44E6B /* Main.storyboard in Resources */,
				4D248F171A751C3700E44E6B /* LaunchScreen.xib in Resources */,
				4D248F141A751C3700E44E6B /* Images.xcassets in Resources */,
			);
			runOnlyForDeploymentPostprocessing = 0;
		};
		4D248F2F1A751C7800E44E6B /* Resources */ = {
			isa = PBXResourcesBuildPhase;
			buildActionMask = 2147483647;
			files = (
			);
			runOnlyForDeploymentPostprocessing = 0;
		};
		4D248F391A751C7800E44E6B /* Resources */ = {
			isa = PBXResourcesBuildPhase;
			buildActionMask = 2147483647;
			files = (
			);
			runOnlyForDeploymentPostprocessing = 0;
		};
/* End PBXResourcesBuildPhase section */

/* Begin PBXSourcesBuildPhase section */
		4D248F031A751C3700E44E6B /* Sources */ = {
			isa = PBXSourcesBuildPhase;
			buildActionMask = 2147483647;
			files = (
				4D248F0F1A751C3700E44E6B /* ViewController.swift in Sources */,
				4D248F0D1A751C3700E44E6B /* AppDelegate.swift in Sources */,
			);
			runOnlyForDeploymentPostprocessing = 0;
		};
		4D248F2C1A751C7800E44E6B /* Sources */ = {
			isa = PBXSourcesBuildPhase;
			buildActionMask = 2147483647;
			files = (
				4D9240641A78050C0069D66D /* UIImageViewExtension.swift in Sources */,
				4D248F521A751CE300E44E6B /* QRCode.swift in Sources */,
				AA24AF3E1C247A7C00D1BEC7 /* CIImageExtension.swift in Sources */,
				4D9240661A7805310069D66D /* CIColorExtension.swift in Sources */,
			);
			runOnlyForDeploymentPostprocessing = 0;
		};
		4D248F371A751C7800E44E6B /* Sources */ = {
			isa = PBXSourcesBuildPhase;
			buildActionMask = 2147483647;
			files = (
				4D248F451A751C7800E44E6B /* QRCodeTests.swift in Sources */,
			);
			runOnlyForDeploymentPostprocessing = 0;
		};
/* End PBXSourcesBuildPhase section */

/* Begin PBXTargetDependency section */
		4D248F3E1A751C7800E44E6B /* PBXTargetDependency */ = {
			isa = PBXTargetDependency;
			target = 4D248F301A751C7800E44E6B /* QRCode */;
			targetProxy = 4D248F3D1A751C7800E44E6B /* PBXContainerItemProxy */;
		};
		4D248F401A751C7800E44E6B /* PBXTargetDependency */ = {
			isa = PBXTargetDependency;
			target = 4D248F061A751C3700E44E6B /* Example */;
			targetProxy = 4D248F3F1A751C7800E44E6B /* PBXContainerItemProxy */;
		};
		4D248F471A751C7800E44E6B /* PBXTargetDependency */ = {
			isa = PBXTargetDependency;
			target = 4D248F301A751C7800E44E6B /* QRCode */;
			targetProxy = 4D248F461A751C7800E44E6B /* PBXContainerItemProxy */;
		};
/* End PBXTargetDependency section */

/* Begin PBXVariantGroup section */
		4D248F101A751C3700E44E6B /* Main.storyboard */ = {
			isa = PBXVariantGroup;
			children = (
				4D248F111A751C3700E44E6B /* Base */,
			);
			name = Main.storyboard;
			sourceTree = "<group>";
		};
		4D248F151A751C3700E44E6B /* LaunchScreen.xib */ = {
			isa = PBXVariantGroup;
			children = (
				4D248F161A751C3700E44E6B /* Base */,
			);
			name = LaunchScreen.xib;
			sourceTree = "<group>";
		};
/* End PBXVariantGroup section */

/* Begin XCBuildConfiguration section */
		4D248F241A751C3700E44E6B /* Debug */ = {
			isa = XCBuildConfiguration;
			buildSettings = {
				ALWAYS_SEARCH_USER_PATHS = NO;
				CLANG_CXX_LANGUAGE_STANDARD = "gnu++0x";
				CLANG_CXX_LIBRARY = "libc++";
				CLANG_ENABLE_MODULES = YES;
				CLANG_ENABLE_OBJC_ARC = YES;
				CLANG_WARN_BOOL_CONVERSION = YES;
				CLANG_WARN_CONSTANT_CONVERSION = YES;
				CLANG_WARN_DIRECT_OBJC_ISA_USAGE = YES_ERROR;
				CLANG_WARN_EMPTY_BODY = YES;
				CLANG_WARN_ENUM_CONVERSION = YES;
				CLANG_WARN_INFINITE_RECURSION = YES;
				CLANG_WARN_INT_CONVERSION = YES;
				CLANG_WARN_OBJC_ROOT_CLASS = YES_ERROR;
				CLANG_WARN_SUSPICIOUS_MOVE = YES;
				CLANG_WARN_UNREACHABLE_CODE = YES;
				CLANG_WARN__DUPLICATE_METHOD_MATCH = YES;
				"CODE_SIGN_IDENTITY[sdk=iphoneos*]" = "iPhone Developer";
				COPY_PHASE_STRIP = NO;
				ENABLE_STRICT_OBJC_MSGSEND = YES;
				ENABLE_TESTABILITY = YES;
				GCC_C_LANGUAGE_STANDARD = gnu99;
				GCC_DYNAMIC_NO_PIC = NO;
				GCC_NO_COMMON_BLOCKS = YES;
				GCC_OPTIMIZATION_LEVEL = 0;
				GCC_PREPROCESSOR_DEFINITIONS = (
					"DEBUG=1",
					"$(inherited)",
				);
				GCC_SYMBOLS_PRIVATE_EXTERN = NO;
				GCC_WARN_64_TO_32_BIT_CONVERSION = YES;
				GCC_WARN_ABOUT_RETURN_TYPE = YES_ERROR;
				GCC_WARN_UNDECLARED_SELECTOR = YES;
				GCC_WARN_UNINITIALIZED_AUTOS = YES_AGGRESSIVE;
				GCC_WARN_UNUSED_FUNCTION = YES;
				GCC_WARN_UNUSED_VARIABLE = YES;
				IPHONEOS_DEPLOYMENT_TARGET = 8.0;
				MTL_ENABLE_DEBUG_INFO = YES;
				ONLY_ACTIVE_ARCH = YES;
				SDKROOT = iphoneos;
				SWIFT_OPTIMIZATION_LEVEL = "-Onone";
				SWIFT_VERSION = 3.0.1;
			};
			name = Debug;
		};
		4D248F251A751C3700E44E6B /* Release */ = {
			isa = XCBuildConfiguration;
			buildSettings = {
				ALWAYS_SEARCH_USER_PATHS = NO;
				CLANG_CXX_LANGUAGE_STANDARD = "gnu++0x";
				CLANG_CXX_LIBRARY = "libc++";
				CLANG_ENABLE_MODULES = YES;
				CLANG_ENABLE_OBJC_ARC = YES;
				CLANG_WARN_BOOL_CONVERSION = YES;
				CLANG_WARN_CONSTANT_CONVERSION = YES;
				CLANG_WARN_DIRECT_OBJC_ISA_USAGE = YES_ERROR;
				CLANG_WARN_EMPTY_BODY = YES;
				CLANG_WARN_ENUM_CONVERSION = YES;
				CLANG_WARN_INFINITE_RECURSION = YES;
				CLANG_WARN_INT_CONVERSION = YES;
				CLANG_WARN_OBJC_ROOT_CLASS = YES_ERROR;
				CLANG_WARN_SUSPICIOUS_MOVE = YES;
				CLANG_WARN_UNREACHABLE_CODE = YES;
				CLANG_WARN__DUPLICATE_METHOD_MATCH = YES;
				"CODE_SIGN_IDENTITY[sdk=iphoneos*]" = "iPhone Developer";
				COPY_PHASE_STRIP = NO;
				ENABLE_NS_ASSERTIONS = NO;
				ENABLE_STRICT_OBJC_MSGSEND = YES;
				GCC_C_LANGUAGE_STANDARD = gnu99;
				GCC_NO_COMMON_BLOCKS = YES;
				GCC_WARN_64_TO_32_BIT_CONVERSION = YES;
				GCC_WARN_ABOUT_RETURN_TYPE = YES_ERROR;
				GCC_WARN_UNDECLARED_SELECTOR = YES;
				GCC_WARN_UNINITIALIZED_AUTOS = YES_AGGRESSIVE;
				GCC_WARN_UNUSED_FUNCTION = YES;
				GCC_WARN_UNUSED_VARIABLE = YES;
				IPHONEOS_DEPLOYMENT_TARGET = 8.0;
				MTL_ENABLE_DEBUG_INFO = NO;
				SDKROOT = iphoneos;
				SWIFT_OPTIMIZATION_LEVEL = "-Owholemodule";
				SWIFT_VERSION = 3.0.1;
				VALIDATE_PRODUCT = YES;
			};
			name = Release;
		};
		4D248F271A751C3700E44E6B /* Debug */ = {
			isa = XCBuildConfiguration;
			buildSettings = {
				ASSETCATALOG_COMPILER_APPICON_NAME = AppIcon;
				INFOPLIST_FILE = Example/Info.plist;
				IPHONEOS_DEPLOYMENT_TARGET = 8.0;
				LD_RUNPATH_SEARCH_PATHS = "$(inherited) @executable_path/Frameworks";
				PRODUCT_BUNDLE_IDENTIFIER = "com.aschuch.$(PRODUCT_NAME:rfc1034identifier)";
				PRODUCT_NAME = "$(TARGET_NAME)";
				SWIFT_VERSION = 3.0.1;
			};
			name = Debug;
		};
		4D248F281A751C3700E44E6B /* Release */ = {
			isa = XCBuildConfiguration;
			buildSettings = {
				ASSETCATALOG_COMPILER_APPICON_NAME = AppIcon;
				INFOPLIST_FILE = Example/Info.plist;
				IPHONEOS_DEPLOYMENT_TARGET = 8.0;
				LD_RUNPATH_SEARCH_PATHS = "$(inherited) @executable_path/Frameworks";
				PRODUCT_BUNDLE_IDENTIFIER = "com.aschuch.$(PRODUCT_NAME:rfc1034identifier)";
				PRODUCT_NAME = "$(TARGET_NAME)";
				SWIFT_VERSION = 3.0.1;
			};
			name = Release;
		};
		4D248F4B1A751C7800E44E6B /* Debug */ = {
			isa = XCBuildConfiguration;
			buildSettings = {
				CLANG_ENABLE_MODULES = YES;
				"CODE_SIGN_IDENTITY[sdk=iphoneos*]" = "";
				CURRENT_PROJECT_VERSION = 1;
				DEFINES_MODULE = YES;
				DYLIB_COMPATIBILITY_VERSION = 1;
				DYLIB_CURRENT_VERSION = 1;
				DYLIB_INSTALL_NAME_BASE = "@rpath";
				GCC_PREPROCESSOR_DEFINITIONS = (
					"DEBUG=1",
					"$(inherited)",
				);
				INFOPLIST_FILE = QRCode/Info.plist;
				INSTALL_PATH = "$(LOCAL_LIBRARY_DIR)/Frameworks";
				IPHONEOS_DEPLOYMENT_TARGET = 8.0;
				LD_RUNPATH_SEARCH_PATHS = "$(inherited) @executable_path/Frameworks @loader_path/Frameworks";
				PRODUCT_BUNDLE_IDENTIFIER = "com.aschuch.$(PRODUCT_NAME:rfc1034identifier)";
				PRODUCT_NAME = "$(TARGET_NAME)";
				SKIP_INSTALL = YES;
				SWIFT_OPTIMIZATION_LEVEL = "-Onone";
				SWIFT_VERSION = 3.0.1;
				TARGETED_DEVICE_FAMILY = "1,2";
				VERSIONING_SYSTEM = "apple-generic";
				VERSION_INFO_PREFIX = "";
			};
			name = Debug;
		};
		4D248F4C1A751C7800E44E6B /* Release */ = {
			isa = XCBuildConfiguration;
			buildSettings = {
				CLANG_ENABLE_MODULES = YES;
				"CODE_SIGN_IDENTITY[sdk=iphoneos*]" = "";
				CURRENT_PROJECT_VERSION = 1;
				DEFINES_MODULE = YES;
				DYLIB_COMPATIBILITY_VERSION = 1;
				DYLIB_CURRENT_VERSION = 1;
				DYLIB_INSTALL_NAME_BASE = "@rpath";
				INFOPLIST_FILE = QRCode/Info.plist;
				INSTALL_PATH = "$(LOCAL_LIBRARY_DIR)/Frameworks";
				IPHONEOS_DEPLOYMENT_TARGET = 8.0;
				LD_RUNPATH_SEARCH_PATHS = "$(inherited) @executable_path/Frameworks @loader_path/Frameworks";
				PRODUCT_BUNDLE_IDENTIFIER = "com.aschuch.$(PRODUCT_NAME:rfc1034identifier)";
				PRODUCT_NAME = "$(TARGET_NAME)";
				SKIP_INSTALL = YES;
				SWIFT_VERSION = 3.0.1;
				TARGETED_DEVICE_FAMILY = "1,2";
				VERSIONING_SYSTEM = "apple-generic";
				VERSION_INFO_PREFIX = "";
			};
			name = Release;
		};
		4D248F4F1A751C7800E44E6B /* Debug */ = {
			isa = XCBuildConfiguration;
			buildSettings = {
				FRAMEWORK_SEARCH_PATHS = "";
				GCC_PREPROCESSOR_DEFINITIONS = (
					"DEBUG=1",
					"$(inherited)",
				);
				INFOPLIST_FILE = QRCodeTests/Info.plist;
				LD_RUNPATH_SEARCH_PATHS = "$(inherited) @executable_path/Frameworks @loader_path/Frameworks";
				PRODUCT_BUNDLE_IDENTIFIER = "com.aschuch.$(PRODUCT_NAME:rfc1034identifier)";
				PRODUCT_NAME = "$(TARGET_NAME)";
				SWIFT_VERSION = 3.0.1;
				TEST_HOST = "$(BUILT_PRODUCTS_DIR)/Example.app/Example";
			};
			name = Debug;
		};
		4D248F501A751C7800E44E6B /* Release */ = {
			isa = XCBuildConfiguration;
			buildSettings = {
				FRAMEWORK_SEARCH_PATHS = "";
				INFOPLIST_FILE = QRCodeTests/Info.plist;
				LD_RUNPATH_SEARCH_PATHS = "$(inherited) @executable_path/Frameworks @loader_path/Frameworks";
				PRODUCT_BUNDLE_IDENTIFIER = "com.aschuch.$(PRODUCT_NAME:rfc1034identifier)";
				PRODUCT_NAME = "$(TARGET_NAME)";
				SWIFT_VERSION = 3.0.1;
				TEST_HOST = "$(BUILT_PRODUCTS_DIR)/Example.app/Example";
			};
			name = Release;
		};
/* End XCBuildConfiguration section */

/* Begin XCConfigurationList section */
		4D248F021A751C3700E44E6B /* Build configuration list for PBXProject "Example" */ = {
			isa = XCConfigurationList;
			buildConfigurations = (
				4D248F241A751C3700E44E6B /* Debug */,
				4D248F251A751C3700E44E6B /* Release */,
			);
			defaultConfigurationIsVisible = 0;
			defaultConfigurationName = Release;
		};
		4D248F261A751C3700E44E6B /* Build configuration list for PBXNativeTarget "Example" */ = {
			isa = XCConfigurationList;
			buildConfigurations = (
				4D248F271A751C3700E44E6B /* Debug */,
				4D248F281A751C3700E44E6B /* Release */,
			);
			defaultConfigurationIsVisible = 0;
			defaultConfigurationName = Release;
		};
		4D248F4A1A751C7800E44E6B /* Build configuration list for PBXNativeTarget "QRCode" */ = {
			isa = XCConfigurationList;
			buildConfigurations = (
				4D248F4B1A751C7800E44E6B /* Debug */,
				4D248F4C1A751C7800E44E6B /* Release */,
			);
			defaultConfigurationIsVisible = 0;
			defaultConfigurationName = Release;
		};
		4D248F4E1A751C7800E44E6B /* Build configuration list for PBXNativeTarget "QRCodeTests" */ = {
			isa = XCConfigurationList;
			buildConfigurations = (
				4D248F4F1A751C7800E44E6B /* Debug */,
				4D248F501A751C7800E44E6B /* Release */,
			);
			defaultConfigurationIsVisible = 0;
			defaultConfigurationName = Release;
		};
/* End XCConfigurationList section */
	};
	rootObject = 4D248EFF1A751C3700E44E6B /* Project object */;
}
